
Microsoft Visual Studio Solution File, Format Version 12.00
# Visual Studio Version 16
VisualStudioVersion = 16.0.32407.337
MinimumVisualStudioVersion = 10.0.40219.1
Project("{FAE04EC0-301F-11D3-BF4B-00C04F79EFBC}") = "kargo_takip", "kargo_takip\kargo_takip.csproj", "{B05E2A1A-AE03-4EDF-B526-BA23AA16092A}"
EndProject
Global
	GlobalSection(SolutionConfigurationPlatforms) = preSolution
		Debug|Any CPU = Debug|Any CPU
		Release|Any CPU = Release|Any CPU
	EndGlobalSection
	GlobalSection(ProjectConfigurationPlatforms) = postSolution
		{B05E2A1A-AE03-4EDF-B526-BA23AA16092A}.Debug|Any CPU.ActiveCfg = Debug|Any CPU
		{B05E2A1A-AE03-4EDF-B526-BA23AA16092A}.Debug|Any CPU.Build.0 = Debug|Any CPU
		{B05E2A1A-AE03-4EDF-B526-BA23AA16092A}.Release|Any CPU.ActiveCfg = Release|Any CPU
		{B05E2A1A-AE03-4EDF-B526-BA23AA16092A}.Release|Any CPU.Build.0 = Release|Any CPU
	EndGlobalSection
	GlobalSection(SolutionProperties) = preSolution
		HideSolutionNode = FALSE
	EndGlobalSection
	GlobalSection(ExtensibilityGlobals) = postSolution
		SolutionGuid = {8C777322-A78D-41A7-92FD-79E7FD1D14E3}
	EndGlobalSection
EndGlobal
